{
  "name": "figma-static-localizer",
  "version": "1.2.2",
  "lockfileVersion": 2,
  "requires": true,
  "packages": {
    "": {
      "name": "figma-static-localizer",
      "version": "1.2.2",
      "license": "MIT",
      "dependencies": {
        "typescript": "^4.9.5"
      },
      "devDependencies": {
        "@figma/plugin-typings": "^1.16.1"
      }
    },
    "node_modules/@figma/plugin-typings": {
      "version": "1.16.1",
      "resolved": "https://registry.npmjs.org/@figma/plugin-typings/-/plugin-typings-1.16.1.tgz",
      "integrity": "sha512-8zJHr0UASf2eDBGW/jNV1PLB1FqNyMpy1Z7v5XODHUEDkoXO/UBfeRohx0SqIz44z/0eSG4youSzYUZoZbdeqg==",
      "dev": true
    },
    "node_modules/typescript": {
      "version": "4.9.5",
      "resolved": "https://registry.npmjs.org/typescript/-/typescript-4.9.5.tgz",
      "integrity": "sha512-1FXk9E2Hm+QzZQ7z+McJiHL4NW1F2EzMu9Nq9i3zAaGqibafqYwCVU6WyWAuyQRRzOlxou8xZSyXLEN8oKj24g==",
      "bin": {
        "tsc": "bin/tsc",
        "tsserver": "bin/tsserver"
      },
      "engines": {
        "node": ">=4.2.0"
      }
    }
  },
  "dependencies": {
    "@figma/plugin-typings": {
      "version": "1.16.1",
      "resolved": "https://registry.npmjs.org/@figma/plugin-typings/-/plugin-typings-1.16.1.tgz",
      "integrity": "sha512-8zJHr0UASf2eDBGW/jNV1PLB1FqNyMpy1Z7v5XODHUEDkoXO/UBfeRohx0SqIz44z/0eSG4youSzYUZoZbdeqg==",
      "dev": true
    },
    "typescript": {
      "version": "4.9.5",
      "resolved": "https://registry.npmjs.org/typescript/-/typescript-4.9.5.tgz",
      "integrity": "sha512-1FXk9E2Hm+QzZQ7z+McJiHL4NW1F2EzMu9Nq9i3zAaGqibafqYwCVU6WyWAuyQRRzOlxou8xZSyXLEN8oKj24g=="
    }
  }
}
